
Microsoft Visual Studio Solution File, Format Version 12.00
# Visual Studio Version 17
VisualStudioVersion = 17.9.34701.34
MinimumVisualStudioVersion = 10.0.40219.1
Project("{FAE04EC0-301F-11D3-BF4B-00C04F79EFBC}") = "Bai1", "Bai1.csproj", "{5EAF637A-4729-4FE9-8926-E842E4E59489}"
EndProject
Project("{FAE04EC0-301F-11D3-BF4B-00C04F79EFBC}") = "Bai2", "..\Bai2\Bai2.csproj", "{35AA0470-A6F5-4B09-9584-4F3C67B93300}"
EndProject
Project("{FAE04EC0-301F-11D3-BF4B-00C04F79EFBC}") = "Bai4", "..\Bai4\Bai4.csproj", "{8BD744F2-5C92-434F-A1D4-DA8CA415E9A0}"
EndProject
Global
	GlobalSection(SolutionConfigurationPlatforms) = preSolution
		Debug|Any CPU = Debug|Any CPU
		Release|Any CPU = Release|Any CPU
	EndGlobalSection
	GlobalSection(ProjectConfigurationPlatforms) = postSolution
		{5EAF637A-4729-4FE9-8926-E842E4E59489}.Debug|Any CPU.ActiveCfg = Debug|Any CPU
		{5EAF637A-4729-4FE9-8926-E842E4E59489}.Debug|Any CPU.Build.0 = Debug|Any CPU
		{5EAF637A-4729-4FE9-8926-E842E4E59489}.Release|Any CPU.ActiveCfg = Release|Any CPU
		{5EAF637A-4729-4FE9-8926-E842E4E59489}.Release|Any CPU.Build.0 = Release|Any CPU
		{35AA0470-A6F5-4B09-9584-4F3C67B93300}.Debug|Any CPU.ActiveCfg = Debug|Any CPU
		{35AA0470-A6F5-4B09-9584-4F3C67B93300}.Debug|Any CPU.Build.0 = Debug|Any CPU
		{35AA0470-A6F5-4B09-9584-4F3C67B93300}.Release|Any CPU.ActiveCfg = Release|Any CPU
		{35AA0470-A6F5-4B09-9584-4F3C67B93300}.Release|Any CPU.Build.0 = Release|Any CPU
		{8BD744F2-5C92-434F-A1D4-DA8CA415E9A0}.Debug|Any CPU.ActiveCfg = Debug|Any CPU
		{8BD744F2-5C92-434F-A1D4-DA8CA415E9A0}.Debug|Any CPU.Build.0 = Debug|Any CPU
		{8BD744F2-5C92-434F-A1D4-DA8CA415E9A0}.Release|Any CPU.ActiveCfg = Release|Any CPU
		{8BD744F2-5C92-434F-A1D4-DA8CA415E9A0}.Release|Any CPU.Build.0 = Release|Any CPU
	EndGlobalSection
	GlobalSection(SolutionProperties) = preSolution
		HideSolutionNode = FALSE
	EndGlobalSection
	GlobalSection(ExtensibilityGlobals) = postSolution
		SolutionGuid = {716C30CE-9E5D-43C4-A161-7603002353C0}
	EndGlobalSection
EndGlobal
